// !$*UTF8*$!
{
	archiveVersion = 1;
	classes = {
	};
	objectVersion = 55;
	objects = {

/* Begin PBXBuildFile section */
		D706B2512821B8530014A16A /* HomeworkObject.swift in Sources */ = {isa = PBXBuildFile; fileRef = D706B2502821B8530014A16A /* HomeworkObject.swift */; };
		D71374E028400EA300172E89 /* Realm+Encryption.swift in Sources */ = {isa = PBXBuildFile; fileRef = D71374DF28400EA300172E89 /* Realm+Encryption.swift */; };
		D7209C4528175FC0003658F4 /* ServerMock.swift in Sources */ = {isa = PBXBuildFile; fileRef = D7209C4428175FC0003658F4 /* ServerMock.swift */; };
		D7209C49281760AD003658F4 /* LoginScreen.swift in Sources */ = {isa = PBXBuildFile; fileRef = D7209C48281760AD003658F4 /* LoginScreen.swift */; };
		D7209C4C28176687003658F4 /* LoginViewModel.swift in Sources */ = {isa = PBXBuildFile; fileRef = D7209C4B28176687003658F4 /* LoginViewModel.swift */; };
		D728906A2815CF8200815561 /* StartScreen.swift in Sources */ = {isa = PBXBuildFile; fileRef = D72890692815CF8200815561 /* StartScreen.swift */; };
		D728906D2815D4A100815561 /* StartViewModel.swift in Sources */ = {isa = PBXBuildFile; fileRef = D728906C2815D4A100815561 /* StartViewModel.swift */; };
		D72890702815E9F700815561 /* Subject.swift in Sources */ = {isa = PBXBuildFile; fileRef = D728906F2815E9F700815561 /* Subject.swift */; };
		D72890742815ED9D00815561 /* StudentScheduleViewModel.swift in Sources */ = {isa = PBXBuildFile; fileRef = D72890732815ED9D00815561 /* StudentScheduleViewModel.swift */; };
		D733C84B2820B7CB003E39CC /* SubjectActivityObject.swift in Sources */ = {isa = PBXBuildFile; fileRef = D733C84A2820B7CB003E39CC /* SubjectActivityObject.swift */; };
		D733C84E282152FC003E39CC /* DatabaseMock+Groups.swift in Sources */ = {isa = PBXBuildFile; fileRef = D733C84D282152FC003E39CC /* DatabaseMock+Groups.swift */; };
		D733C853282163D1003E39CC /* GiveMark.swift in Sources */ = {isa = PBXBuildFile; fileRef = D733C852282163D1003E39CC /* GiveMark.swift */; };
		D7356D73284A05E000F2EE22 /* CredentialsObject.swift in Sources */ = {isa = PBXBuildFile; fileRef = D7356D72284A05E000F2EE22 /* CredentialsObject.swift */; };
		D7356D7F284A202A00F2EE22 /* SelectEditingCategoryViewModel.swift in Sources */ = {isa = PBXBuildFile; fileRef = D7356D7E284A202A00F2EE22 /* SelectEditingCategoryViewModel.swift */; };
		D7356D83284A20BE00F2EE22 /* SelectEditingCategoryScreen.swift in Sources */ = {isa = PBXBuildFile; fileRef = D7356D82284A20BE00F2EE22 /* SelectEditingCategoryScreen.swift */; };
		D7356D86284A3B3500F2EE22 /* EditStudentsScreen.swift in Sources */ = {isa = PBXBuildFile; fileRef = D7356D85284A3B3500F2EE22 /* EditStudentsScreen.swift */; };
		D7356D88284A3B4200F2EE22 /* EditStudentsViewModel.swift in Sources */ = {isa = PBXBuildFile; fileRef = D7356D87284A3B4200F2EE22 /* EditStudentsViewModel.swift */; };
		D7356D8A284A432200F2EE22 /* EditTeachersViewModel.swift in Sources */ = {isa = PBXBuildFile; fileRef = D7356D89284A432200F2EE22 /* EditTeachersViewModel.swift */; };
		D7356D8C284A435300F2EE22 /* EditTeachersScreen.swift in Sources */ = {isa = PBXBuildFile; fileRef = D7356D8B284A435300F2EE22 /* EditTeachersScreen.swift */; };
		D7356D8F284AA5E300F2EE22 /* StudentInfoViewModel.swift in Sources */ = {isa = PBXBuildFile; fileRef = D7356D8E284AA5E300F2EE22 /* StudentInfoViewModel.swift */; };
		D7356D91284AA5F800F2EE22 /* StudentInfoScreen.swift in Sources */ = {isa = PBXBuildFile; fileRef = D7356D90284AA5F800F2EE22 /* StudentInfoScreen.swift */; };
		D7356D93284AA60600F2EE22 /* TeacherInfoViewModel.swift in Sources */ = {isa = PBXBuildFile; fileRef = D7356D92284AA60600F2EE22 /* TeacherInfoViewModel.swift */; };
		D7356D95284AA62700F2EE22 /* TeacherInfoScreen.swift in Sources */ = {isa = PBXBuildFile; fileRef = D7356D94284AA62700F2EE22 /* TeacherInfoScreen.swift */; };
		D7B863962818942000DE538F /* StudentAccountScreen.swift in Sources */ = {isa = PBXBuildFile; fileRef = D7B863952818942000DE538F /* StudentAccountScreen.swift */; };
		D7B8639B2818977D00DE538F /* StudentAccountViewModel.swift in Sources */ = {isa = PBXBuildFile; fileRef = D7B8639A2818977D00DE538F /* StudentAccountViewModel.swift */; };
		D7B863A32818AAF900DE538F /* TeacherAccountScreen.swift in Sources */ = {isa = PBXBuildFile; fileRef = D7B863A22818AAF900DE538F /* TeacherAccountScreen.swift */; };
		D7B863A52818AB0600DE538F /* TeacherAccountViewModel.swift in Sources */ = {isa = PBXBuildFile; fileRef = D7B863A42818AB0600DE538F /* TeacherAccountViewModel.swift */; };
		D7B863A82818ABA000DE538F /* StudentObject.swift in Sources */ = {isa = PBXBuildFile; fileRef = D7B863A72818ABA000DE538F /* StudentObject.swift */; };
		D7B863AA2818ABA800DE538F /* TeacherObject.swift in Sources */ = {isa = PBXBuildFile; fileRef = D7B863A92818ABA800DE538F /* TeacherObject.swift */; };
		D7C716C52823ED4100832C09 /* Binding+Just.swift in Sources */ = {isa = PBXBuildFile; fileRef = D7C716C42823ED4000832C09 /* Binding+Just.swift */; };
		D7C7AF152825394600C0D23C /* Group.swift in Sources */ = {isa = PBXBuildFile; fileRef = D7C7AF142825394600C0D23C /* Group.swift */; };
		D7C7AF172825396700C0D23C /* Gender.swift in Sources */ = {isa = PBXBuildFile; fileRef = D7C7AF162825396700C0D23C /* Gender.swift */; };
		D7C7AF192825434900C0D23C /* DatabaseMock+Teacher.swift in Sources */ = {isa = PBXBuildFile; fileRef = D7C7AF182825434900C0D23C /* DatabaseMock+Teacher.swift */; };
		D7D8395B282076EA00F9938E /* TeacherScheduleScreen.swift in Sources */ = {isa = PBXBuildFile; fileRef = D7D8395A282076EA00F9938E /* TeacherScheduleScreen.swift */; };
		D7D8395D282081B200F9938E /* TeacherScheduleViewModel.swift in Sources */ = {isa = PBXBuildFile; fileRef = D7D8395C282081B200F9938E /* TeacherScheduleViewModel.swift */; };
		D7D839602820933700F9938E /* SubjectActivityViewModel.swift in Sources */ = {isa = PBXBuildFile; fileRef = D7D8395F2820933700F9938E /* SubjectActivityViewModel.swift */; };
		D7D839622820934300F9938E /* SubjectActivityScreen.swift in Sources */ = {isa = PBXBuildFile; fileRef = D7D839612820934300F9938E /* SubjectActivityScreen.swift */; };
		D7D8396528209CB700F9938E /* DatabaseMock+Students.swift in Sources */ = {isa = PBXBuildFile; fileRef = D7D8396428209CB700F9938E /* DatabaseMock+Students.swift */; };
		D7DD6E7C27E3BD0300976B16 /* CollegeApp.swift in Sources */ = {isa = PBXBuildFile; fileRef = D7DD6E7B27E3BD0300976B16 /* CollegeApp.swift */; };
		D7DD6E7E27E3BD0300976B16 /* StudentScheduleScreen.swift in Sources */ = {isa = PBXBuildFile; fileRef = D7DD6E7D27E3BD0300976B16 /* StudentScheduleScreen.swift */; };
		D7DD6E8027E3BD0500976B16 /* Assets.xcassets in Resources */ = {isa = PBXBuildFile; fileRef = D7DD6E7F27E3BD0500976B16 /* Assets.xcassets */; };
		D7DD6E8327E3BD0500976B16 /* Preview Assets.xcassets in Resources */ = {isa = PBXBuildFile; fileRef = D7DD6E8227E3BD0500976B16 /* Preview Assets.xcassets */; };
		D7FF7190281939AA007D8CBF /* Schedule.swift in Sources */ = {isa = PBXBuildFile; fileRef = D7FF718F281939AA007D8CBF /* Schedule.swift */; };
		D7FF719328193E3D007D8CBF /* WeeksViewModel.swift in Sources */ = {isa = PBXBuildFile; fileRef = D7FF719228193E3D007D8CBF /* WeeksViewModel.swift */; };
		D7FF719528193E5B007D8CBF /* WeeksScreen.swift in Sources */ = {isa = PBXBuildFile; fileRef = D7FF719428193E5B007D8CBF /* WeeksScreen.swift */; };
		D7FF719728193EBE007D8CBF /* Week.swift in Sources */ = {isa = PBXBuildFile; fileRef = D7FF719628193EBE007D8CBF /* Week.swift */; };
		F902D9A3227731883D703326 /* Pods_College.framework in Frameworks */ = {isa = PBXBuildFile; fileRef = 1F2A431CB390F88448EE1A3F /* Pods_College.framework */; };
/* End PBXBuildFile section */

/* Begin PBXFileReference section */
		1F2A431CB390F88448EE1A3F /* Pods_College.framework */ = {isa = PBXFileReference; explicitFileType = wrapper.framework; includeInIndex = 0; path = Pods_College.framework; sourceTree = BUILT_PRODUCTS_DIR; };
		76EA804A7A5F4342A24C29AA /* Pods-College.debug.xcconfig */ = {isa = PBXFileReference; includeInIndex = 1; lastKnownFileType = text.xcconfig; name = "Pods-College.debug.xcconfig"; path = "Target Support Files/Pods-College/Pods-College.debug.xcconfig"; sourceTree = "<group>"; };
		D706B2502821B8530014A16A /* HomeworkObject.swift */ = {isa = PBXFileReference; lastKnownFileType = sourcecode.swift; path = HomeworkObject.swift; sourceTree = "<group>"; };
		D71374DF28400EA300172E89 /* Realm+Encryption.swift */ = {isa = PBXFileReference; lastKnownFileType = sourcecode.swift; path = "Realm+Encryption.swift"; sourceTree = "<group>"; };
		D7209C4428175FC0003658F4 /* ServerMock.swift */ = {isa = PBXFileReference; lastKnownFileType = sourcecode.swift; path = ServerMock.swift; sourceTree = "<group>"; };
		D7209C48281760AD003658F4 /* LoginScreen.swift */ = {isa = PBXFileReference; lastKnownFileType = sourcecode.swift; path = LoginScreen.swift; sourceTree = "<group>"; };
		D7209C4B28176687003658F4 /* LoginViewModel.swift */ = {isa = PBXFileReference; lastKnownFileType = sourcecode.swift; path = LoginViewModel.swift; sourceTree = "<group>"; };
		D72890692815CF8200815561 /* StartScreen.swift */ = {isa = PBXFileReference; lastKnownFileType = sourcecode.swift; path = StartScreen.swift; sourceTree = "<group>"; };
		D728906C2815D4A100815561 /* StartViewModel.swift */ = {isa = PBXFileReference; lastKnownFileType = sourcecode.swift; path = StartViewModel.swift; sourceTree = "<group>"; };
		D728906F2815E9F700815561 /* Subject.swift */ = {isa = PBXFileReference; lastKnownFileType = sourcecode.swift; path = Subject.swift; sourceTree = "<group>"; };
		D72890732815ED9D00815561 /* StudentScheduleViewModel.swift */ = {isa = PBXFileReference; lastKnownFileType = sourcecode.swift; path = StudentScheduleViewModel.swift; sourceTree = "<group>"; };
		D733C84A2820B7CB003E39CC /* SubjectActivityObject.swift */ = {isa = PBXFileReference; lastKnownFileType = sourcecode.swift; path = SubjectActivityObject.swift; sourceTree = "<group>"; };
		D733C84D282152FC003E39CC /* DatabaseMock+Groups.swift */ = {isa = PBXFileReference; lastKnownFileType = sourcecode.swift; path = "DatabaseMock+Groups.swift"; sourceTree = "<group>"; };
		D733C852282163D1003E39CC /* GiveMark.swift */ = {isa = PBXFileReference; lastKnownFileType = sourcecode.swift; path = GiveMark.swift; sourceTree = "<group>"; };
		D7356D72284A05E000F2EE22 /* CredentialsObject.swift */ = {isa = PBXFileReference; lastKnownFileType = sourcecode.swift; path = CredentialsObject.swift; sourceTree = "<group>"; };
		D7356D7E284A202A00F2EE22 /* SelectEditingCategoryViewModel.swift */ = {isa = PBXFileReference; lastKnownFileType = sourcecode.swift; path = SelectEditingCategoryViewModel.swift; sourceTree = "<group>"; };
		D7356D82284A20BE00F2EE22 /* SelectEditingCategoryScreen.swift */ = {isa = PBXFileReference; lastKnownFileType = sourcecode.swift; path = SelectEditingCategoryScreen.swift; sourceTree = "<group>"; };
		D7356D85284A3B3500F2EE22 /* EditStudentsScreen.swift */ = {isa = PBXFileReference; lastKnownFileType = sourcecode.swift; path = EditStudentsScreen.swift; sourceTree = "<group>"; };
		D7356D87284A3B4200F2EE22 /* EditStudentsViewModel.swift */ = {isa = PBXFileReference; lastKnownFileType = sourcecode.swift; path = EditStudentsViewModel.swift; sourceTree = "<group>"; };
		D7356D89284A432200F2EE22 /* EditTeachersViewModel.swift */ = {isa = PBXFileReference; lastKnownFileType = sourcecode.swift; path = EditTeachersViewModel.swift; sourceTree = "<group>"; };
		D7356D8B284A435300F2EE22 /* EditTeachersScreen.swift */ = {isa = PBXFileReference; lastKnownFileType = sourcecode.swift; path = EditTeachersScreen.swift; sourceTree = "<group>"; };
		D7356D8E284AA5E300F2EE22 /* StudentInfoViewModel.swift */ = {isa = PBXFileReference; lastKnownFileType = sourcecode.swift; path = StudentInfoViewModel.swift; sourceTree = "<group>"; };
		D7356D90284AA5F800F2EE22 /* StudentInfoScreen.swift */ = {isa = PBXFileReference; lastKnownFileType = sourcecode.swift; path = StudentInfoScreen.swift; sourceTree = "<group>"; };
		D7356D92284AA60600F2EE22 /* TeacherInfoViewModel.swift */ = {isa = PBXFileReference; lastKnownFileType = sourcecode.swift; path = TeacherInfoViewModel.swift; sourceTree = "<group>"; };
		D7356D94284AA62700F2EE22 /* TeacherInfoScreen.swift */ = {isa = PBXFileReference; lastKnownFileType = sourcecode.swift; path = TeacherInfoScreen.swift; sourceTree = "<group>"; };
		D7B863952818942000DE538F /* StudentAccountScreen.swift */ = {isa = PBXFileReference; lastKnownFileType = sourcecode.swift; path = StudentAccountScreen.swift; sourceTree = "<group>"; };
		D7B8639A2818977D00DE538F /* StudentAccountViewModel.swift */ = {isa = PBXFileReference; lastKnownFileType = sourcecode.swift; path = StudentAccountViewModel.swift; sourceTree = "<group>"; };
		D7B863A22818AAF900DE538F /* TeacherAccountScreen.swift */ = {isa = PBXFileReference; lastKnownFileType = sourcecode.swift; path = TeacherAccountScreen.swift; sourceTree = "<group>"; };
		D7B863A42818AB0600DE538F /* TeacherAccountViewModel.swift */ = {isa = PBXFileReference; lastKnownFileType = sourcecode.swift; path = TeacherAccountViewModel.swift; sourceTree = "<group>"; };
		D7B863A72818ABA000DE538F /* StudentObject.swift */ = {isa = PBXFileReference; lastKnownFileType = sourcecode.swift; path = StudentObject.swift; sourceTree = "<group>"; };
		D7B863A92818ABA800DE538F /* TeacherObject.swift */ = {isa = PBXFileReference; lastKnownFileType = sourcecode.swift; path = TeacherObject.swift; sourceTree = "<group>"; };
		D7C716C42823ED4000832C09 /* Binding+Just.swift */ = {isa = PBXFileReference; lastKnownFileType = sourcecode.swift; path = "Binding+Just.swift"; sourceTree = "<group>"; };
		D7C7AF142825394600C0D23C /* Group.swift */ = {isa = PBXFileReference; lastKnownFileType = sourcecode.swift; path = Group.swift; sourceTree = "<group>"; };
		D7C7AF162825396700C0D23C /* Gender.swift */ = {isa = PBXFileReference; lastKnownFileType = sourcecode.swift; path = Gender.swift; sourceTree = "<group>"; };
		D7C7AF182825434900C0D23C /* DatabaseMock+Teacher.swift */ = {isa = PBXFileReference; lastKnownFileType = sourcecode.swift; path = "DatabaseMock+Teacher.swift"; sourceTree = "<group>"; };
		D7D8395A282076EA00F9938E /* TeacherScheduleScreen.swift */ = {isa = PBXFileReference; lastKnownFileType = sourcecode.swift; path = TeacherScheduleScreen.swift; sourceTree = "<group>"; };
		D7D8395C282081B200F9938E /* TeacherScheduleViewModel.swift */ = {isa = PBXFileReference; lastKnownFileType = sourcecode.swift; path = TeacherScheduleViewModel.swift; sourceTree = "<group>"; };
		D7D8395F2820933700F9938E /* SubjectActivityViewModel.swift */ = {isa = PBXFileReference; lastKnownFileType = sourcecode.swift; path = SubjectActivityViewModel.swift; sourceTree = "<group>"; };
		D7D839612820934300F9938E /* SubjectActivityScreen.swift */ = {isa = PBXFileReference; lastKnownFileType = sourcecode.swift; path = SubjectActivityScreen.swift; sourceTree = "<group>"; };
		D7D8396428209CB700F9938E /* DatabaseMock+Students.swift */ = {isa = PBXFileReference; lastKnownFileType = sourcecode.swift; path = "DatabaseMock+Students.swift"; sourceTree = "<group>"; };
		D7DD6E7827E3BD0300976B16 /* College.app */ = {isa = PBXFileReference; explicitFileType = wrapper.application; includeInIndex = 0; path = College.app; sourceTree = BUILT_PRODUCTS_DIR; };
		D7DD6E7B27E3BD0300976B16 /* CollegeApp.swift */ = {isa = PBXFileReference; lastKnownFileType = sourcecode.swift; path = CollegeApp.swift; sourceTree = "<group>"; };
		D7DD6E7D27E3BD0300976B16 /* StudentScheduleScreen.swift */ = {isa = PBXFileReference; lastKnownFileType = sourcecode.swift; path = StudentScheduleScreen.swift; sourceTree = "<group>"; };
		D7DD6E7F27E3BD0500976B16 /* Assets.xcassets */ = {isa = PBXFileReference; lastKnownFileType = folder.assetcatalog; path = Assets.xcassets; sourceTree = "<group>"; };
		D7DD6E8227E3BD0500976B16 /* Preview Assets.xcassets */ = {isa = PBXFileReference; lastKnownFileType = folder.assetcatalog; path = "Preview Assets.xcassets"; sourceTree = "<group>"; };
		D7FF718F281939AA007D8CBF /* Schedule.swift */ = {isa = PBXFileReference; lastKnownFileType = sourcecode.swift; path = Schedule.swift; sourceTree = "<group>"; };
		D7FF719228193E3D007D8CBF /* WeeksViewModel.swift */ = {isa = PBXFileReference; lastKnownFileType = sourcecode.swift; path = WeeksViewModel.swift; sourceTree = "<group>"; };
		D7FF719428193E5B007D8CBF /* WeeksScreen.swift */ = {isa = PBXFileReference; lastKnownFileType = sourcecode.swift; path = WeeksScreen.swift; sourceTree = "<group>"; };
		D7FF719628193EBE007D8CBF /* Week.swift */ = {isa = PBXFileReference; lastKnownFileType = sourcecode.swift; path = Week.swift; sourceTree = "<group>"; };
		E5D64C5FF93B547464B2507A /* Pods-College.release.xcconfig */ = {isa = PBXFileReference; includeInIndex = 1; lastKnownFileType = text.xcconfig; name = "Pods-College.release.xcconfig"; path = "Target Support Files/Pods-College/Pods-College.release.xcconfig"; sourceTree = "<group>"; };
/* End PBXFileReference section */

/* Begin PBXFrameworksBuildPhase section */
		D7DD6E7527E3BD0300976B16 /* Frameworks */ = {
			isa = PBXFrameworksBuildPhase;
			buildActionMask = 2147483647;
			files = (
				F902D9A3227731883D703326 /* Pods_College.framework in Frameworks */,
			);
			runOnlyForDeploymentPostprocessing = 0;
		};
/* End PBXFrameworksBuildPhase section */

/* Begin PBXGroup section */
		04FC689962321672B9616D9B /* Frameworks */ = {
			isa = PBXGroup;
			children = (
				1F2A431CB390F88448EE1A3F /* Pods_College.framework */,
			);
			name = Frameworks;
			sourceTree = "<group>";
		};
		ABBF70C0DEE928E36B61C328 /* Pods */ = {
			isa = PBXGroup;
			children = (
				76EA804A7A5F4342A24C29AA /* Pods-College.debug.xcconfig */,
				E5D64C5FF93B547464B2507A /* Pods-College.release.xcconfig */,
			);
			path = Pods;
			sourceTree = "<group>";
		};
		D7209C4328175FB0003658F4 /* ServerMock */ = {
			isa = PBXGroup;
			children = (
				D7D8396328209C9900F9938E /* DatabaseMock */,
				D7209C4428175FC0003658F4 /* ServerMock.swift */,
			);
			path = ServerMock;
			sourceTree = "<group>";
		};
		D7209C4628176074003658F4 /* UI */ = {
			isa = PBXGroup;
			children = (
				D7356D74284A1F4900F2EE22 /* Admin */,
				D7B8639E28189E5F00DE538F /* Common */,
				D7B8639F28189E7300DE538F /* Student */,
				D7B863A02818AA3700DE538F /* Teacher */,
			);
			path = UI;
			sourceTree = "<group>";
		};
		D7209C4728176089003658F4 /* Login */ = {
			isa = PBXGroup;
			children = (
				D7209C48281760AD003658F4 /* LoginScreen.swift */,
				D7209C4B28176687003658F4 /* LoginViewModel.swift */,
			);
			path = Login;
			sourceTree = "<group>";
		};
		D7209C4D2817E1E5003658F4 /* Account */ = {
			isa = PBXGroup;
			children = (
				D7B863952818942000DE538F /* StudentAccountScreen.swift */,
				D7B8639A2818977D00DE538F /* StudentAccountViewModel.swift */,
			);
			path = Account;
			sourceTree = "<group>";
		};
		D72890682815CACC00815561 /* Schedule */ = {
			isa = PBXGroup;
			children = (
				D7DD6E7D27E3BD0300976B16 /* StudentScheduleScreen.swift */,
				D72890732815ED9D00815561 /* StudentScheduleViewModel.swift */,
			);
			path = Schedule;
			sourceTree = "<group>";
		};
		D728906B2815D49000815561 /* Start */ = {
			isa = PBXGroup;
			children = (
				D72890692815CF8200815561 /* StartScreen.swift */,
				D728906C2815D4A100815561 /* StartViewModel.swift */,
			);
			path = Start;
			sourceTree = "<group>";
		};
		D728906E2815E9CF00815561 /* Models */ = {
			isa = PBXGroup;
			children = (
				D7C7AF162825396700C0D23C /* Gender.swift */,
				D7C7AF142825394600C0D23C /* Group.swift */,
				D7FF718F281939AA007D8CBF /* Schedule.swift */,
				D728906F2815E9F700815561 /* Subject.swift */,
				D7FF719628193EBE007D8CBF /* Week.swift */,
				D733C84C282135D4003E39CC /* RealmObjects */,
			);
			path = Models;
			sourceTree = "<group>";
		};
		D733C84C282135D4003E39CC /* RealmObjects */ = {
			isa = PBXGroup;
			children = (
				D7356D72284A05E000F2EE22 /* CredentialsObject.swift */,
				D706B2502821B8530014A16A /* HomeworkObject.swift */,
				D7B863A72818ABA000DE538F /* StudentObject.swift */,
				D733C84A2820B7CB003E39CC /* SubjectActivityObject.swift */,
				D7B863A92818ABA800DE538F /* TeacherObject.swift */,
			);
			path = RealmObjects;
			sourceTree = "<group>";
		};
		D733C84F2821638A003E39CC /* Subviews */ = {
			isa = PBXGroup;
			children = (
				D733C852282163D1003E39CC /* GiveMark.swift */,
			);
			path = Subviews;
			sourceTree = "<group>";
		};
		D7356D74284A1F4900F2EE22 /* Admin */ = {
			isa = PBXGroup;
			children = (
				D7356D7A284A1F9B00F2EE22 /* Create */,
				D7356D7B284A1FAB00F2EE22 /* Edit */,
				D7356D75284A1F5C00F2EE22 /* SelectEditingCategory */,
			);
			path = Admin;
			sourceTree = "<group>";
		};
		D7356D75284A1F5C00F2EE22 /* SelectEditingCategory */ = {
			isa = PBXGroup;
			children = (
				D7356D82284A20BE00F2EE22 /* SelectEditingCategoryScreen.swift */,
				D7356D7E284A202A00F2EE22 /* SelectEditingCategoryViewModel.swift */,
			);
			path = SelectEditingCategory;
			sourceTree = "<group>";
		};
		D7356D76284A1F7800F2EE22 /* EditTeachers */ = {
			isa = PBXGroup;
			children = (
				D7356D8B284A435300F2EE22 /* EditTeachersScreen.swift */,
				D7356D89284A432200F2EE22 /* EditTeachersViewModel.swift */,
			);
			path = EditTeachers;
			sourceTree = "<group>";
		};
		D7356D79284A1F9200F2EE22 /* EditStudents */ = {
			isa = PBXGroup;
			children = (
				D7356D85284A3B3500F2EE22 /* EditStudentsScreen.swift */,
				D7356D87284A3B4200F2EE22 /* EditStudentsViewModel.swift */,
			);
			path = EditStudents;
			sourceTree = "<group>";
		};
		D7356D7A284A1F9B00F2EE22 /* Create */ = {
			isa = PBXGroup;
			children = (
				D7356D7C284A1FB300F2EE22 /* StudentInfo */,
				D7356D7D284A1FBC00F2EE22 /* TeacherInfo */,
			);
			path = Create;
			sourceTree = "<group>";
		};
		D7356D7B284A1FAB00F2EE22 /* Edit */ = {
			isa = PBXGroup;
			children = (
				D7356D79284A1F9200F2EE22 /* EditStudents */,
				D7356D76284A1F7800F2EE22 /* EditTeachers */,
			);
			path = Edit;
			sourceTree = "<group>";
		};
		D7356D7C284A1FB300F2EE22 /* StudentInfo */ = {
			isa = PBXGroup;
			children = (
				D7356D90284AA5F800F2EE22 /* StudentInfoScreen.swift */,
				D7356D8E284AA5E300F2EE22 /* StudentInfoViewModel.swift */,
			);
			path = StudentInfo;
			sourceTree = "<group>";
		};
		D7356D7D284A1FBC00F2EE22 /* TeacherInfo */ = {
			isa = PBXGroup;
			children = (
				D7356D94284AA62700F2EE22 /* TeacherInfoScreen.swift */,
				D7356D92284AA60600F2EE22 /* TeacherInfoViewModel.swift */,
			);
			path = TeacherInfo;
			sourceTree = "<group>";
		};
		D7B8639E28189E5F00DE538F /* Common */ = {
			isa = PBXGroup;
			children = (
				D7209C4728176089003658F4 /* Login */,
				D728906B2815D49000815561 /* Start */,
				D7FF719128193E2C007D8CBF /* Weeks */,
			);
			path = Common;
			sourceTree = "<group>";
		};
		D7B8639F28189E7300DE538F /* Student */ = {
			isa = PBXGroup;
			children = (
				D72890682815CACC00815561 /* Schedule */,
				D7209C4D2817E1E5003658F4 /* Account */,
			);
			path = Student;
			sourceTree = "<group>";
		};
		D7B863A02818AA3700DE538F /* Teacher */ = {
			isa = PBXGroup;
			children = (
				D7D8395E2820931B00F9938E /* SubjectActivity */,
				D7D83959282076A000F9938E /* Schedule */,
				D7B863A12818AAD800DE538F /* Account */,
			);
			path = Teacher;
			sourceTree = "<group>";
		};
		D7B863A12818AAD800DE538F /* Account */ = {
			isa = PBXGroup;
			children = (
				D7B863A22818AAF900DE538F /* TeacherAccountScreen.swift */,
				D7B863A42818AB0600DE538F /* TeacherAccountViewModel.swift */,
			);
			path = Account;
			sourceTree = "<group>";
		};
		D7C716C32823ED3100832C09 /* Extensions */ = {
			isa = PBXGroup;
			children = (
				D7C716C42823ED4000832C09 /* Binding+Just.swift */,
				D71374DF28400EA300172E89 /* Realm+Encryption.swift */,
			);
			path = Extensions;
			sourceTree = "<group>";
		};
		D7D83959282076A000F9938E /* Schedule */ = {
			isa = PBXGroup;
			children = (
				D7D8395A282076EA00F9938E /* TeacherScheduleScreen.swift */,
				D7D8395C282081B200F9938E /* TeacherScheduleViewModel.swift */,
			);
			path = Schedule;
			sourceTree = "<group>";
		};
		D7D8395E2820931B00F9938E /* SubjectActivity */ = {
			isa = PBXGroup;
			children = (
				D7D839612820934300F9938E /* SubjectActivityScreen.swift */,
				D7D8395F2820933700F9938E /* SubjectActivityViewModel.swift */,
				D733C84F2821638A003E39CC /* Subviews */,
			);
			path = SubjectActivity;
			sourceTree = "<group>";
		};
		D7D8396328209C9900F9938E /* DatabaseMock */ = {
			isa = PBXGroup;
			children = (
				D7D8396428209CB700F9938E /* DatabaseMock+Students.swift */,
				D733C84D282152FC003E39CC /* DatabaseMock+Groups.swift */,
				D7C7AF182825434900C0D23C /* DatabaseMock+Teacher.swift */,
			);
			path = DatabaseMock;
			sourceTree = "<group>";
		};
		D7DD6E6F27E3BD0300976B16 = {
			isa = PBXGroup;
			children = (
				D7DD6E7A27E3BD0300976B16 /* College */,
				D7DD6E7927E3BD0300976B16 /* Products */,
				ABBF70C0DEE928E36B61C328 /* Pods */,
				04FC689962321672B9616D9B /* Frameworks */,
			);
			sourceTree = "<group>";
		};
		D7DD6E7927E3BD0300976B16 /* Products */ = {
			isa = PBXGroup;
			children = (
				D7DD6E7827E3BD0300976B16 /* College.app */,
			);
			name = Products;
			sourceTree = "<group>";
		};
		D7DD6E7A27E3BD0300976B16 /* College */ = {
			isa = PBXGroup;
			children = (
				D7DD6E7B27E3BD0300976B16 /* CollegeApp.swift */,
				D7DD6E7F27E3BD0500976B16 /* Assets.xcassets */,
				D7C716C32823ED3100832C09 /* Extensions */,
				D728906E2815E9CF00815561 /* Models */,
				D7DD6E8127E3BD0500976B16 /* Preview Content */,
				D7209C4328175FB0003658F4 /* ServerMock */,
				D7209C4628176074003658F4 /* UI */,
			);
			path = College;
			sourceTree = "<group>";
		};
		D7DD6E8127E3BD0500976B16 /* Preview Content */ = {
			isa = PBXGroup;
			children = (
				D7DD6E8227E3BD0500976B16 /* Preview Assets.xcassets */,
			);
			path = "Preview Content";
			sourceTree = "<group>";
		};
		D7FF719128193E2C007D8CBF /* Weeks */ = {
			isa = PBXGroup;
			children = (
				D7FF719428193E5B007D8CBF /* WeeksScreen.swift */,
				D7FF719228193E3D007D8CBF /* WeeksViewModel.swift */,
			);
			path = Weeks;
			sourceTree = "<group>";
		};
/* End PBXGroup section */

/* Begin PBXNativeTarget section */
		D7DD6E7727E3BD0300976B16 /* College */ = {
			isa = PBXNativeTarget;
			buildConfigurationList = D7DD6E8627E3BD0500976B16 /* Build configuration list for PBXNativeTarget "College" */;
			buildPhases = (
				4CAE63EF171103D081C52212 /* [CP] Check Pods Manifest.lock */,
				D7DD6E7427E3BD0300976B16 /* Sources */,
				D7DD6E7527E3BD0300976B16 /* Frameworks */,
				D7DD6E7627E3BD0300976B16 /* Resources */,
				218B2ACAB852C573B65BB441 /* [CP] Embed Pods Frameworks */,
			);
			buildRules = (
			);
			dependencies = (
			);
			name = College;
			productName = College;
			productReference = D7DD6E7827E3BD0300976B16 /* College.app */;
			productType = "com.apple.product-type.application";
		};
/* End PBXNativeTarget section */

/* Begin PBXProject section */
		D7DD6E7027E3BD0300976B16 /* Project object */ = {
			isa = PBXProject;
			attributes = {
				BuildIndependentTargetsInParallel = 1;
				LastSwiftUpdateCheck = 1330;
				LastUpgradeCheck = 1330;
				TargetAttributes = {
					D7DD6E7727E3BD0300976B16 = {
						CreatedOnToolsVersion = 13.3;
					};
				};
			};
			buildConfigurationList = D7DD6E7327E3BD0300976B16 /* Build configuration list for PBXProject "College" */;
			compatibilityVersion = "Xcode 13.0";
			developmentRegion = en;
			hasScannedForEncodings = 0;
			knownRegions = (
				en,
				Base,
			);
			mainGroup = D7DD6E6F27E3BD0300976B16;
			productRefGroup = D7DD6E7927E3BD0300976B16 /* Products */;
			projectDirPath = "";
			projectRoot = "";
			targets = (
				D7DD6E7727E3BD0300976B16 /* College */,
			);
		};
/* End PBXProject section */

/* Begin PBXResourcesBuildPhase section */
		D7DD6E7627E3BD0300976B16 /* Resources */ = {
			isa = PBXResourcesBuildPhase;
			buildActionMask = 2147483647;
			files = (
				D7DD6E8327E3BD0500976B16 /* Preview Assets.xcassets in Resources */,
				D7DD6E8027E3BD0500976B16 /* Assets.xcassets in Resources */,
			);
			runOnlyForDeploymentPostprocessing = 0;
		};
/* End PBXResourcesBuildPhase section */

/* Begin PBXShellScriptBuildPhase section */
		218B2ACAB852C573B65BB441 /* [CP] Embed Pods Frameworks */ = {
			isa = PBXShellScriptBuildPhase;
			buildActionMask = 2147483647;
			files = (
			);
			inputFileListPaths = (
				"${PODS_ROOT}/Target Support Files/Pods-College/Pods-College-frameworks-${CONFIGURATION}-input-files.xcfilelist",
			);
			name = "[CP] Embed Pods Frameworks";
			outputFileListPaths = (
				"${PODS_ROOT}/Target Support Files/Pods-College/Pods-College-frameworks-${CONFIGURATION}-output-files.xcfilelist",
			);
			runOnlyForDeploymentPostprocessing = 0;
			shellPath = /bin/sh;
			shellScript = "\"${PODS_ROOT}/Target Support Files/Pods-College/Pods-College-frameworks.sh\"\n";
			showEnvVarsInLog = 0;
		};
		4CAE63EF171103D081C52212 /* [CP] Check Pods Manifest.lock */ = {
			isa = PBXShellScriptBuildPhase;
			buildActionMask = 2147483647;
			files = (
			);
			inputFileListPaths = (
			);
			inputPaths = (
				"${PODS_PODFILE_DIR_PATH}/Podfile.lock",
				"${PODS_ROOT}/Manifest.lock",
			);
			name = "[CP] Check Pods Manifest.lock";
			outputFileListPaths = (
			);
			outputPaths = (
				"$(DERIVED_FILE_DIR)/Pods-College-checkManifestLockResult.txt",
			);
			runOnlyForDeploymentPostprocessing = 0;
			shellPath = /bin/sh;
			shellScript = "diff \"${PODS_PODFILE_DIR_PATH}/Podfile.lock\" \"${PODS_ROOT}/Manifest.lock\" > /dev/null\nif [ $? != 0 ] ; then\n    # print error to STDERR\n    echo \"error: The sandbox is not in sync with the Podfile.lock. Run 'pod install' or update your CocoaPods installation.\" >&2\n    exit 1\nfi\n# This output is used by Xcode 'outputs' to avoid re-running this script phase.\necho \"SUCCESS\" > \"${SCRIPT_OUTPUT_FILE_0}\"\n";
			showEnvVarsInLog = 0;
		};
/* End PBXShellScriptBuildPhase section */

/* Begin PBXSourcesBuildPhase section */
		D7DD6E7427E3BD0300976B16 /* Sources */ = {
			isa = PBXSourcesBuildPhase;
			buildActionMask = 2147483647;
			files = (
				D7356D93284AA60600F2EE22 /* TeacherInfoViewModel.swift in Sources */,
				D728906A2815CF8200815561 /* StartScreen.swift in Sources */,
				D7209C49281760AD003658F4 /* LoginScreen.swift in Sources */,
				D7356D83284A20BE00F2EE22 /* SelectEditingCategoryScreen.swift in Sources */,
				D71374E028400EA300172E89 /* Realm+Encryption.swift in Sources */,
				D7356D73284A05E000F2EE22 /* CredentialsObject.swift in Sources */,
				D72890702815E9F700815561 /* Subject.swift in Sources */,
				D72890742815ED9D00815561 /* StudentScheduleViewModel.swift in Sources */,
				D7356D95284AA62700F2EE22 /* TeacherInfoScreen.swift in Sources */,
				D7B863AA2818ABA800DE538F /* TeacherObject.swift in Sources */,
				D7356D88284A3B4200F2EE22 /* EditStudentsViewModel.swift in Sources */,
				D7D839602820933700F9938E /* SubjectActivityViewModel.swift in Sources */,
				D7B863A82818ABA000DE538F /* StudentObject.swift in Sources */,
				D7FF719528193E5B007D8CBF /* WeeksScreen.swift in Sources */,
				D733C853282163D1003E39CC /* GiveMark.swift in Sources */,
				D7356D86284A3B3500F2EE22 /* EditStudentsScreen.swift in Sources */,
				D7209C4528175FC0003658F4 /* ServerMock.swift in Sources */,
				D7B863962818942000DE538F /* StudentAccountScreen.swift in Sources */,
				D7356D8C284A435300F2EE22 /* EditTeachersScreen.swift in Sources */,
				D7356D91284AA5F800F2EE22 /* StudentInfoScreen.swift in Sources */,
				D7356D7F284A202A00F2EE22 /* SelectEditingCategoryViewModel.swift in Sources */,
				D7D8396528209CB700F9938E /* DatabaseMock+Students.swift in Sources */,
				D728906D2815D4A100815561 /* StartViewModel.swift in Sources */,
				D7DD6E7E27E3BD0300976B16 /* StudentScheduleScreen.swift in Sources */,
				D7D8395D282081B200F9938E /* TeacherScheduleViewModel.swift in Sources */,
				D7209C4C28176687003658F4 /* LoginViewModel.swift in Sources */,
				D7356D8F284AA5E300F2EE22 /* StudentInfoViewModel.swift in Sources */,
				D7C716C52823ED4100832C09 /* Binding+Just.swift in Sources */,
				D7B8639B2818977D00DE538F /* StudentAccountViewModel.swift in Sources */,
				D7356D8A284A432200F2EE22 /* EditTeachersViewModel.swift in Sources */,
				D7D8395B282076EA00F9938E /* TeacherScheduleScreen.swift in Sources */,
				D706B2512821B8530014A16A /* HomeworkObject.swift in Sources */,
				D7B863A52818AB0600DE538F /* TeacherAccountViewModel.swift in Sources */,
				D7FF7190281939AA007D8CBF /* Schedule.swift in Sources */,
				D7D839622820934300F9938E /* SubjectActivityScreen.swift in Sources */,
				D733C84B2820B7CB003E39CC /* SubjectActivityObject.swift in Sources */,
				D7DD6E7C27E3BD0300976B16 /* CollegeApp.swift in Sources */,
				D7B863A32818AAF900DE538F /* TeacherAccountScreen.swift in Sources */,
				D7FF719328193E3D007D8CBF /* WeeksViewModel.swift in Sources */,
				D7C7AF192825434900C0D23C /* DatabaseMock+Teacher.swift in Sources */,
				D7C7AF172825396700C0D23C /* Gender.swift in Sources */,
				D7C7AF152825394600C0D23C /* Group.swift in Sources */,
				D7FF719728193EBE007D8CBF /* Week.swift in Sources */,
				D733C84E282152FC003E39CC /* DatabaseMock+Groups.swift in Sources */,
			);
			runOnlyForDeploymentPostprocessing = 0;
		};
/* End PBXSourcesBuildPhase section */

/* Begin XCBuildConfiguration section */
		D7DD6E8427E3BD0500976B16 /* Debug */ = {
			isa = XCBuildConfiguration;
			buildSettings = {
				ALWAYS_SEARCH_USER_PATHS = NO;
				CLANG_ANALYZER_NONNULL = YES;
				CLANG_ANALYZER_NUMBER_OBJECT_CONVERSION = YES_AGGRESSIVE;
				CLANG_CXX_LANGUAGE_STANDARD = "gnu++17";
				CLANG_ENABLE_MODULES = YES;
				CLANG_ENABLE_OBJC_ARC = YES;
				CLANG_ENABLE_OBJC_WEAK = YES;
				CLANG_WARN_BLOCK_CAPTURE_AUTORELEASING = YES;
				CLANG_WARN_BOOL_CONVERSION = YES;
				CLANG_WARN_COMMA = YES;
				CLANG_WARN_CONSTANT_CONVERSION = YES;
				CLANG_WARN_DEPRECATED_OBJC_IMPLEMENTATIONS = YES;
				CLANG_WARN_DIRECT_OBJC_ISA_USAGE = YES_ERROR;
				CLANG_WARN_DOCUMENTATION_COMMENTS = YES;
				CLANG_WARN_EMPTY_BODY = YES;
				CLANG_WARN_ENUM_CONVERSION = YES;
				CLANG_WARN_INFINITE_RECURSION = YES;
				CLANG_WARN_INT_CONVERSION = YES;
				CLANG_WARN_NON_LITERAL_NULL_CONVERSION = YES;
				CLANG_WARN_OBJC_IMPLICIT_RETAIN_SELF = YES;
				CLANG_WARN_OBJC_LITERAL_CONVERSION = YES;
				CLANG_WARN_OBJC_ROOT_CLASS = YES_ERROR;
				CLANG_WARN_QUOTED_INCLUDE_IN_FRAMEWORK_HEADER = YES;
				CLANG_WARN_RANGE_LOOP_ANALYSIS = YES;
				CLANG_WARN_STRICT_PROTOTYPES = YES;
				CLANG_WARN_SUSPICIOUS_MOVE = YES;
				CLANG_WARN_UNGUARDED_AVAILABILITY = YES_AGGRESSIVE;
				CLANG_WARN_UNREACHABLE_CODE = YES;
				CLANG_WARN__DUPLICATE_METHOD_MATCH = YES;
				COPY_PHASE_STRIP = NO;
				DEBUG_INFORMATION_FORMAT = dwarf;
				ENABLE_STRICT_OBJC_MSGSEND = YES;
				ENABLE_TESTABILITY = YES;
				GCC_C_LANGUAGE_STANDARD = gnu11;
				GCC_DYNAMIC_NO_PIC = NO;
				GCC_NO_COMMON_BLOCKS = YES;
				GCC_OPTIMIZATION_LEVEL = 0;
				GCC_PREPROCESSOR_DEFINITIONS = (
					"DEBUG=1",
					"$(inherited)",
				);
				GCC_WARN_64_TO_32_BIT_CONVERSION = YES;
				GCC_WARN_ABOUT_RETURN_TYPE = YES_ERROR;
				GCC_WARN_UNDECLARED_SELECTOR = YES;
				GCC_WARN_UNINITIALIZED_AUTOS = YES_AGGRESSIVE;
				GCC_WARN_UNUSED_FUNCTION = YES;
				GCC_WARN_UNUSED_VARIABLE = YES;
				IPHONEOS_DEPLOYMENT_TARGET = 15.4;
				MTL_ENABLE_DEBUG_INFO = INCLUDE_SOURCE;
				MTL_FAST_MATH = YES;
				ONLY_ACTIVE_ARCH = YES;
				SDKROOT = iphoneos;
				SWIFT_ACTIVE_COMPILATION_CONDITIONS = DEBUG;
				SWIFT_OPTIMIZATION_LEVEL = "-Onone";
			};
			name = Debug;
		};
		D7DD6E8527E3BD0500976B16 /* Release */ = {
			isa = XCBuildConfiguration;
			buildSettings = {
				ALWAYS_SEARCH_USER_PATHS = NO;
				CLANG_ANALYZER_NONNULL = YES;
				CLANG_ANALYZER_NUMBER_OBJECT_CONVERSION = YES_AGGRESSIVE;
				CLANG_CXX_LANGUAGE_STANDARD = "gnu++17";
				CLANG_ENABLE_MODULES = YES;
				CLANG_ENABLE_OBJC_ARC = YES;
				CLANG_ENABLE_OBJC_WEAK = YES;
				CLANG_WARN_BLOCK_CAPTURE_AUTORELEASING = YES;
				CLANG_WARN_BOOL_CONVERSION = YES;
				CLANG_WARN_COMMA = YES;
				CLANG_WARN_CONSTANT_CONVERSION = YES;
				CLANG_WARN_DEPRECATED_OBJC_IMPLEMENTATIONS = YES;
				CLANG_WARN_DIRECT_OBJC_ISA_USAGE = YES_ERROR;
				CLANG_WARN_DOCUMENTATION_COMMENTS = YES;
				CLANG_WARN_EMPTY_BODY = YES;
				CLANG_WARN_ENUM_CONVERSION = YES;
				CLANG_WARN_INFINITE_RECURSION = YES;
				CLANG_WARN_INT_CONVERSION = YES;
				CLANG_WARN_NON_LITERAL_NULL_CONVERSION = YES;
				CLANG_WARN_OBJC_IMPLICIT_RETAIN_SELF = YES;
				CLANG_WARN_OBJC_LITERAL_CONVERSION = YES;
				CLANG_WARN_OBJC_ROOT_CLASS = YES_ERROR;
				CLANG_WARN_QUOTED_INCLUDE_IN_FRAMEWORK_HEADER = YES;
				CLANG_WARN_RANGE_LOOP_ANALYSIS = YES;
				CLANG_WARN_STRICT_PROTOTYPES = YES;
				CLANG_WARN_SUSPICIOUS_MOVE = YES;
				CLANG_WARN_UNGUARDED_AVAILABILITY = YES_AGGRESSIVE;
				CLANG_WARN_UNREACHABLE_CODE = YES;
				CLANG_WARN__DUPLICATE_METHOD_MATCH = YES;
				COPY_PHASE_STRIP = NO;
				DEBUG_INFORMATION_FORMAT = "dwarf-with-dsym";
				ENABLE_NS_ASSERTIONS = NO;
				ENABLE_STRICT_OBJC_MSGSEND = YES;
				GCC_C_LANGUAGE_STANDARD = gnu11;
				GCC_NO_COMMON_BLOCKS = YES;
				GCC_WARN_64_TO_32_BIT_CONVERSION = YES;
				GCC_WARN_ABOUT_RETURN_TYPE = YES_ERROR;
				GCC_WARN_UNDECLARED_SELECTOR = YES;
				GCC_WARN_UNINITIALIZED_AUTOS = YES_AGGRESSIVE;
				GCC_WARN_UNUSED_FUNCTION = YES;
				GCC_WARN_UNUSED_VARIABLE = YES;
				IPHONEOS_DEPLOYMENT_TARGET = 15.4;
				MTL_ENABLE_DEBUG_INFO = NO;
				MTL_FAST_MATH = YES;
				SDKROOT = iphoneos;
				SWIFT_COMPILATION_MODE = wholemodule;
				SWIFT_OPTIMIZATION_LEVEL = "-O";
				VALIDATE_PRODUCT = YES;
			};
			name = Release;
		};
		D7DD6E8727E3BD0500976B16 /* Debug */ = {
			isa = XCBuildConfiguration;
			baseConfigurationReference = 76EA804A7A5F4342A24C29AA /* Pods-College.debug.xcconfig */;
			buildSettings = {
				ASSETCATALOG_COMPILER_APPICON_NAME = AppIcon;
				ASSETCATALOG_COMPILER_GLOBAL_ACCENT_COLOR_NAME = AccentColor;
				CODE_SIGN_STYLE = Automatic;
				CURRENT_PROJECT_VERSION = 1;
				DEVELOPMENT_ASSET_PATHS = "\"College/Preview Content\"";
				DEVELOPMENT_TEAM = R486S2NFSK;
				ENABLE_PREVIEWS = YES;
				GENERATE_INFOPLIST_FILE = YES;
				INFOPLIST_KEY_UIApplicationSceneManifest_Generation = YES;
				INFOPLIST_KEY_UIApplicationSupportsIndirectInputEvents = YES;
				INFOPLIST_KEY_UILaunchScreen_Generation = YES;
				INFOPLIST_KEY_UISupportedInterfaceOrientations_iPad = "UIInterfaceOrientationPortrait UIInterfaceOrientationPortraitUpsideDown UIInterfaceOrientationLandscapeLeft UIInterfaceOrientationLandscapeRight";
				INFOPLIST_KEY_UISupportedInterfaceOrientations_iPhone = "UIInterfaceOrientationPortrait UIInterfaceOrientationLandscapeLeft UIInterfaceOrientationLandscapeRight";
				IPHONEOS_DEPLOYMENT_TARGET = 15.0;
				LD_RUNPATH_SEARCH_PATHS = (
					"$(inherited)",
					"@executable_path/Frameworks",
				);
				MARKETING_VERSION = 1.0;
				PRODUCT_BUNDLE_IDENTIFIER = Diploma.College;
				PRODUCT_NAME = "$(TARGET_NAME)";
				SWIFT_EMIT_LOC_STRINGS = YES;
				SWIFT_VERSION = 5.0;
				TARGETED_DEVICE_FAMILY = "1,2";
			};
			name = Debug;
		};
		D7DD6E8827E3BD0500976B16 /* Release */ = {
			isa = XCBuildConfiguration;
			baseConfigurationReference = E5D64C5FF93B547464B2507A /* Pods-College.release.xcconfig */;
			buildSettings = {
				ASSETCATALOG_COMPILER_APPICON_NAME = AppIcon;
				ASSETCATALOG_COMPILER_GLOBAL_ACCENT_COLOR_NAME = AccentColor;
				CODE_SIGN_STYLE = Automatic;
				CURRENT_PROJECT_VERSION = 1;
				DEVELOPMENT_ASSET_PATHS = "\"College/Preview Content\"";
				DEVELOPMENT_TEAM = R486S2NFSK;
				ENABLE_PREVIEWS = YES;
				GENERATE_INFOPLIST_FILE = YES;
				INFOPLIST_KEY_UIApplicationSceneManifest_Generation = YES;
				INFOPLIST_KEY_UIApplicationSupportsIndirectInputEvents = YES;
				INFOPLIST_KEY_UILaunchScreen_Generation = YES;
				INFOPLIST_KEY_UISupportedInterfaceOrientations_iPad = "UIInterfaceOrientationPortrait UIInterfaceOrientationPortraitUpsideDown UIInterfaceOrientationLandscapeLeft UIInterfaceOrientationLandscapeRight";
				INFOPLIST_KEY_UISupportedInterfaceOrientations_iPhone = "UIInterfaceOrientationPortrait UIInterfaceOrientationLandscapeLeft UIInterfaceOrientationLandscapeRight";
				IPHONEOS_DEPLOYMENT_TARGET = 15.0;
				LD_RUNPATH_SEARCH_PATHS = (
					"$(inherited)",
					"@executable_path/Frameworks",
				);
				MARKETING_VERSION = 1.0;
				PRODUCT_BUNDLE_IDENTIFIER = Diploma.College;
				PRODUCT_NAME = "$(TARGET_NAME)";
				SWIFT_EMIT_LOC_STRINGS = YES;
				SWIFT_VERSION = 5.0;
				TARGETED_DEVICE_FAMILY = "1,2";
			};
			name = Release;
		};
/* End XCBuildConfiguration section */

/* Begin XCConfigurationList section */
		D7DD6E7327E3BD0300976B16 /* Build configuration list for PBXProject "College" */ = {
			isa = XCConfigurationList;
			buildConfigurations = (
				D7DD6E8427E3BD0500976B16 /* Debug */,
				D7DD6E8527E3BD0500976B16 /* Release */,
			);
			defaultConfigurationIsVisible = 0;
			defaultConfigurationName = Release;
		};
		D7DD6E8627E3BD0500976B16 /* Build configuration list for PBXNativeTarget "College" */ = {
			isa = XCConfigurationList;
			buildConfigurations = (
				D7DD6E8727E3BD0500976B16 /* Debug */,
				D7DD6E8827E3BD0500976B16 /* Release */,
			);
			defaultConfigurationIsVisible = 0;
			defaultConfigurationName = Release;
		};
/* End XCConfigurationList section */
	};
	rootObject = D7DD6E7027E3BD0300976B16 /* Project object */;
}
